# Exact environment used for the verified Python 3.12 development run.
annotated-types==0.8.0
attrs==26.1.0
bioutils==0.6.1
canonicaljson==2.0.0
certifi==2026.7.22
charset-normalizer==3.5.1
colorama==0.4.6
ga4gh.cat_vrs==0.8.0a4
ga4gh.va_spec==0.5.0a4
ga4gh.vrs==2.4.0a4
idna==3.19
iniconfig==2.3.0
jsonschema==4.25.1
jsonschema-specifications==2025.9.1
packaging==26.3
pluggy==1.6.0
pydantic==2.13.5
pydantic_core==2.46.5
Pygments==2.21.0
pytest==8.4.2
referencing==0.37.0
requests==2.34.2
rpds-py==2026.6.3
ruff==0.13.0
setuptools==80.9.0
typing-inspection==0.4.4
typing_extensions==4.16.0
urllib3==2.7.0
